
Microsoft Visual Studio Solution File, Format Version 12.00
# Visual Studio 2013
VisualStudioVersion = 12.0.40629.0
MinimumVisualStudioVersion = 10.0.40219.1
Project("{FAE04EC0-301F-11D3-BF4B-00C04F79EFBC}") = "CandidateManager.Core", "CandidateManager.Core\CandidateManager.Core.csproj", "{0198A830-B79D-4046-AB81-6B243569B940}"
EndProject
Project("{FAE04EC0-301F-11D3-BF4B-00C04F79EFBC}") = "CandidateManager.Test", "CandidateManager.Test\CandidateManager.Test.csproj", "{564A9FF1-3A9D-4F95-9C26-D7428AA11061}"
EndProject
Project("{FAE04EC0-301F-11D3-BF4B-00C04F79EFBC}") = "CandidateManager.DAL", "CandidateManager.DAL\CandidateManager.DAL.csproj", "{0F51AEA8-100C-4C71-85DF-B602E3BE2BC4}"
EndProject
Project("{FAE04EC0-301F-11D3-BF4B-00C04F79EFBC}") = "CandidateManager.Web", "CandidateManager.Web\CandidateManager.Web.csproj", "{DFB6A394-5F00-42D5-A7EB-9D85AE585F1D}"
EndProject
Project("{FAE04EC0-301F-11D3-BF4B-00C04F79EFBC}") = "CandidateManager.Infra", "CandidateManager.Infra\CandidateManager.Infra.csproj", "{E3E0561C-B2E3-4BDD-856A-98E191FA5EDA}"
EndProject
Global
	GlobalSection(TeamFoundationVersionControl) = preSolution
		SccNumberOfProjects = 6
		SccEnterpriseProvider = {4CA58AB2-18FA-4F8D-95D4-32DDF27D184C}
		SccTeamFoundationServer = https://frank0101.visualstudio.com/defaultcollection
		SccLocalPath0 = .
		SccProjectUniqueName1 = CandidateManager.Core\\CandidateManager.Core.csproj
		SccProjectName1 = CandidateManager.Core
		SccLocalPath1 = CandidateManager.Core
		SccProjectUniqueName2 = CandidateManager.Test\\CandidateManager.Test.csproj
		SccProjectName2 = CandidateManager.Test
		SccLocalPath2 = CandidateManager.Test
		SccProjectUniqueName3 = CandidateManager.DAL\\CandidateManager.DAL.csproj
		SccProjectName3 = CandidateManager.DAL
		SccLocalPath3 = CandidateManager.DAL
		SccProjectUniqueName4 = CandidateManager.Web\\CandidateManager.Web.csproj
		SccProjectName4 = CandidateManager.Web
		SccLocalPath4 = CandidateManager.Web
		SccProjectUniqueName5 = CandidateManager.Infra\\CandidateManager.Infra.csproj
		SccProjectName5 = CandidateManager.Infra
		SccLocalPath5 = CandidateManager.Infra
	EndGlobalSection
	GlobalSection(SolutionConfigurationPlatforms) = preSolution
		Debug|Any CPU = Debug|Any CPU
		Release|Any CPU = Release|Any CPU
	EndGlobalSection
	GlobalSection(ProjectConfigurationPlatforms) = postSolution
		{0198A830-B79D-4046-AB81-6B243569B940}.Debug|Any CPU.ActiveCfg = Debug|Any CPU
		{0198A830-B79D-4046-AB81-6B243569B940}.Debug|Any CPU.Build.0 = Debug|Any CPU
		{0198A830-B79D-4046-AB81-6B243569B940}.Release|Any CPU.ActiveCfg = Release|Any CPU
		{0198A830-B79D-4046-AB81-6B243569B940}.Release|Any CPU.Build.0 = Release|Any CPU
		{564A9FF1-3A9D-4F95-9C26-D7428AA11061}.Debug|Any CPU.ActiveCfg = Debug|Any CPU
		{564A9FF1-3A9D-4F95-9C26-D7428AA11061}.Debug|Any CPU.Build.0 = Debug|Any CPU
		{564A9FF1-3A9D-4F95-9C26-D7428AA11061}.Release|Any CPU.ActiveCfg = Release|Any CPU
		{564A9FF1-3A9D-4F95-9C26-D7428AA11061}.Release|Any CPU.Build.0 = Release|Any CPU
		{0F51AEA8-100C-4C71-85DF-B602E3BE2BC4}.Debug|Any CPU.ActiveCfg = Debug|Any CPU
		{0F51AEA8-100C-4C71-85DF-B602E3BE2BC4}.Debug|Any CPU.Build.0 = Debug|Any CPU
		{0F51AEA8-100C-4C71-85DF-B602E3BE2BC4}.Release|Any CPU.ActiveCfg = Release|Any CPU
		{0F51AEA8-100C-4C71-85DF-B602E3BE2BC4}.Release|Any CPU.Build.0 = Release|Any CPU
		{DFB6A394-5F00-42D5-A7EB-9D85AE585F1D}.Debug|Any CPU.ActiveCfg = Debug|Any CPU
		{DFB6A394-5F00-42D5-A7EB-9D85AE585F1D}.Debug|Any CPU.Build.0 = Debug|Any CPU
		{DFB6A394-5F00-42D5-A7EB-9D85AE585F1D}.Release|Any CPU.ActiveCfg = Release|Any CPU
		{DFB6A394-5F00-42D5-A7EB-9D85AE585F1D}.Release|Any CPU.Build.0 = Release|Any CPU
		{E3E0561C-B2E3-4BDD-856A-98E191FA5EDA}.Debug|Any CPU.ActiveCfg = Debug|Any CPU
		{E3E0561C-B2E3-4BDD-856A-98E191FA5EDA}.Debug|Any CPU.Build.0 = Debug|Any CPU
		{E3E0561C-B2E3-4BDD-856A-98E191FA5EDA}.Release|Any CPU.ActiveCfg = Release|Any CPU
		{E3E0561C-B2E3-4BDD-856A-98E191FA5EDA}.Release|Any CPU.Build.0 = Release|Any CPU
	EndGlobalSection
	GlobalSection(SolutionProperties) = preSolution
		HideSolutionNode = FALSE
	EndGlobalSection
EndGlobal
